
Microsoft Visual Studio Solution File, Format Version 12.00
# Visual Studio Version 16
VisualStudioVersion = 16.0.31129.286
MinimumVisualStudioVersion = 10.0.40219.1
Project("{9A19103F-16F7-4668-BE54-9A1E7A4F7556}") = "Setup", "Setup.csproj", "{AAAD0012-2FFC-485C-9D2E-8788AA6353F3}"
EndProject
Global
	GlobalSection(SolutionConfigurationPlatforms) = preSolution
		Debug|Any CPU = Debug|Any CPU
		Release|Any CPU = Release|Any CPU
	EndGlobalSection
	GlobalSection(ProjectConfigurationPlatforms) = postSolution
		{AAAD0012-2FFC-485C-9D2E-8788AA6353F3}.Debug|Any CPU.ActiveCfg = Debug|Any CPU
		{AAAD0012-2FFC-485C-9D2E-8788AA6353F3}.Debug|Any CPU.Build.0 = Debug|Any CPU
		{AAAD0012-2FFC-485C-9D2E-8788AA6353F3}.Release|Any CPU.ActiveCfg = Release|Any CPU
		{AAAD0012-2FFC-485C-9D2E-8788AA6353F3}.Release|Any CPU.Build.0 = Release|Any CPU
	EndGlobalSection
	GlobalSection(SolutionProperties) = preSolution
		HideSolutionNode = FALSE
	EndGlobalSection
	GlobalSection(ExtensibilityGlobals) = postSolution
		SolutionGuid = {89703768-6932-40EA-9BAA-E239262A2F98}
	EndGlobalSection
EndGlobal
